
Microsoft Visual Studio Solution File, Format Version 12.00
# Visual Studio Version 16
VisualStudioVersion = 16.0.30413.136
MinimumVisualStudioVersion = 10.0.40219.1
Project("{FAE04EC0-301F-11D3-BF4B-00C04F79EFBC}") = "DemoStoreClassLibrary", "DemoStoreClassLibrary\DemoStoreClassLibrary.csproj", "{EEB65270-939C-448E-B492-CD3249DBAF0A}"
EndProject
Project("{FAE04EC0-301F-11D3-BF4B-00C04F79EFBC}") = "DemoStoreUI", "DemoStoreUI\DemoStoreUI.csproj", "{F1F26F15-34A0-40E5-B93C-1778E59B81F9}"
EndProject
Global
	GlobalSection(SolutionConfigurationPlatforms) = preSolution
		Debug|Any CPU = Debug|Any CPU
		Release|Any CPU = Release|Any CPU
	EndGlobalSection
	GlobalSection(ProjectConfigurationPlatforms) = postSolution
		{EEB65270-939C-448E-B492-CD3249DBAF0A}.Debug|Any CPU.ActiveCfg = Debug|Any CPU
		{EEB65270-939C-448E-B492-CD3249DBAF0A}.Debug|Any CPU.Build.0 = Debug|Any CPU
		{EEB65270-939C-448E-B492-CD3249DBAF0A}.Release|Any CPU.ActiveCfg = Release|Any CPU
		{EEB65270-939C-448E-B492-CD3249DBAF0A}.Release|Any CPU.Build.0 = Release|Any CPU
		{F1F26F15-34A0-40E5-B93C-1778E59B81F9}.Debug|Any CPU.ActiveCfg = Debug|Any CPU
		{F1F26F15-34A0-40E5-B93C-1778E59B81F9}.Debug|Any CPU.Build.0 = Debug|Any CPU
		{F1F26F15-34A0-40E5-B93C-1778E59B81F9}.Release|Any CPU.ActiveCfg = Release|Any CPU
		{F1F26F15-34A0-40E5-B93C-1778E59B81F9}.Release|Any CPU.Build.0 = Release|Any CPU
	EndGlobalSection
	GlobalSection(SolutionProperties) = preSolution
		HideSolutionNode = FALSE
	EndGlobalSection
	GlobalSection(ExtensibilityGlobals) = postSolution
		SolutionGuid = {03EB3F94-874E-4D5F-A3D5-1A3DF6C8798C}
	EndGlobalSection
EndGlobal
